
Microsoft Visual Studio Solution File, Format Version 12.00
# Visual Studio 15
VisualStudioVersion = 15.0.28307.779
MinimumVisualStudioVersion = 10.0.40219.1
Project("{FAE04EC0-301F-11D3-BF4B-00C04F79EFBC}") = "EmployeeManagement", "EmployeeManagement\EmployeeManagement.csproj", "{8D1CFA2B-2317-4F7C-BD46-ECC4C26E502B}"
EndProject
Global
	GlobalSection(SolutionConfigurationPlatforms) = preSolution
		Debug|Any CPU = Debug|Any CPU
		Release|Any CPU = Release|Any CPU
	EndGlobalSection
	GlobalSection(ProjectConfigurationPlatforms) = postSolution
		{8D1CFA2B-2317-4F7C-BD46-ECC4C26E502B}.Debug|Any CPU.ActiveCfg = Debug|Any CPU
		{8D1CFA2B-2317-4F7C-BD46-ECC4C26E502B}.Debug|Any CPU.Build.0 = Debug|Any CPU
		{8D1CFA2B-2317-4F7C-BD46-ECC4C26E502B}.Release|Any CPU.ActiveCfg = Release|Any CPU
		{8D1CFA2B-2317-4F7C-BD46-ECC4C26E502B}.Release|Any CPU.Build.0 = Release|Any CPU
	EndGlobalSection
	GlobalSection(SolutionProperties) = preSolution
		HideSolutionNode = FALSE
	EndGlobalSection
	GlobalSection(ExtensibilityGlobals) = postSolution
		SolutionGuid = {4D048066-E149-451B-B1D0-C41BC362D0DC}
	EndGlobalSection
EndGlobal
